{
  "name": "lessonajs2",
  "version": "1.0.0",
  "lockfileVersion": 2,
  "requires": true,
  "packages": {
    "": {
      "name": "lessonajs2",
      "version": "1.0.0",
      "license": "ISC",
      "dependencies": {
        "@natlia82/lessonajs": "github:Natlia82/LessonAJS"
      }
    },
    "node_modules/@natlia82/lessonajs": {
      "version": "1.0.0",
      "resolved": "git+ssh://git@github.com/Natlia82/LessonAJS.git#89270171a68c39a5feb710db796f5e51b37390c5",
      "license": "ISC"
    }
  },
  "dependencies": {
    "@natlia82/lessonajs": {
      "version": "git+ssh://git@github.com/Natlia82/LessonAJS.git#89270171a68c39a5feb710db796f5e51b37390c5",
      "from": "@natlia82/lessonajs@github:Natlia82/LessonAJS"
    }
  }
}
